// !$*UTF8*$!
{
	archiveVersion = 1;
	classes = {
	};
	objectVersion = 77;
	objects = {

/* Begin PBXContainerItemProxy section */
		06A99E6F2F0AAC9000AA51E9 /* PBXContainerItemProxy */ = {
			isa = PBXContainerItemProxy;
			containerPortal = 06A99E562F0AAC8F00AA51E9 /* Project object */;
			proxyType = 1;
			remoteGlobalIDString = 06A99E5D2F0AAC8F00AA51E9;
			remoteInfo = Free;
		};
		06A99E792F0AAC9000AA51E9 /* PBXContainerItemProxy */ = {
			isa = PBXContainerItemProxy;
			containerPortal = 06A99E562F0AAC8F00AA51E9 /* Project object */;
			proxyType = 1;
			remoteGlobalIDString = 06A99E5D2F0AAC8F00AA51E9;
			remoteInfo = Free;
		};
/* End PBXContainerItemProxy section */

/* Begin PBXFileReference section */
		06A99E5E2F0AAC8F00AA51E9 /* Free.app */ = {isa = PBXFileReference; explicitFileType = wrapper.application; includeInIndex = 0; path = Free.app; sourceTree = BUILT_PRODUCTS_DIR; };
		06A99E6E2F0AAC9000AA51E9 /* FreeTests.xctest */ = {isa = PBXFileReference; explicitFileType = wrapper.cfbundle; includeInIndex = 0; path = FreeTests.xctest; sourceTree = BUILT_PRODUCTS_DIR; };
		06A99E782F0AAC9000AA51E9 /* FreeUITests.xctest */ = {isa = PBXFileReference; explicitFileType = wrapper.cfbundle; includeInIndex = 0; path = FreeUITests.xctest; sourceTree = BUILT_PRODUCTS_DIR; };
/* End PBXFileReference section */

/* Begin PBXFileSystemSynchronizedRootGroup section */
		06A99E602F0AAC8F00AA51E9 /* Free */ = {
			isa = PBXFileSystemSynchronizedRootGroup;
			path = Free;
			sourceTree = "<group>";
		};
		06A99E712F0AAC9000AA51E9 /* FreeTests */ = {
			isa = PBXFileSystemSynchronizedRootGroup;
			path = FreeTests;
			sourceTree = "<group>";
		};
		06A99E7B2F0AAC9000AA51E9 /* FreeUITests */ = {
			isa = PBXFileSystemSynchronizedRootGroup;
			path = FreeUITests;
			sourceTree = "<group>";
		};
/* End PBXFileSystemSynchronizedRootGroup section */

/* Begin PBXFrameworksBuildPhase section */
		06A99E5B2F0AAC8F00AA51E9 /* Frameworks */ = {
			isa = PBXFrameworksBuildPhase;
			buildActionMask = 2147483647;
			files = (
			);
			runOnlyForDeploymentPostprocessing = 0;
		};
		06A99E6B2F0AAC9000AA51E9 /* Frameworks */ = {
			isa = PBXFrameworksBuildPhase;
			buildActionMask = 2147483647;
			files = (
			);
			runOnlyForDeploymentPostprocessing = 0;
		};
		06A99E752F0AAC9000AA51E9 /* Frameworks */ = {
			isa = PBXFrameworksBuildPhase;
			buildActionMask = 2147483647;
			files = (
			);
			runOnlyForDeploymentPostprocessing = 0;
		};
/* End PBXFrameworksBuildPhase section */

/* Begin PBXGroup section */
		06A99E552F0AAC8F00AA51E9 = {
			isa = PBXGroup;
			children = (
				06A99E602F0AAC8F00AA51E9 /* Free */,
				06A99E712F0AAC9000AA51E9 /* FreeTests */,
				06A99E7B2F0AAC9000AA51E9 /* FreeUITests */,
				06A99E5F2F0AAC8F00AA51E9 /* Products */,
			);
			sourceTree = "<group>";
		};
		06A99E5F2F0AAC8F00AA51E9 /* Products */ = {
			isa = PBXGroup;
			children = (
				06A99E5E2F0AAC8F00AA51E9 /* Free.app */,
				06A99E6E2F0AAC9000AA51E9 /* FreeTests.xctest */,
				06A99E782F0AAC9000AA51E9 /* FreeUITests.xctest */,
			);
			name = Products;
			sourceTree = "<group>";
		};
/* End PBXGroup section */

/* Begin PBXNativeTarget section */
		06A99E5D2F0AAC8F00AA51E9 /* Free */ = {
			isa = PBXNativeTarget;
			buildConfigurationList = 06A99E822F0AAC9000AA51E9 /* Build configuration list for PBXNativeTarget "Free" */;
			buildPhases = (
				06A99E5A2F0AAC8F00AA51E9 /* Sources */,
				06A99E5B2F0AAC8F00AA51E9 /* Frameworks */,
				06A99E5C2F0AAC8F00AA51E9 /* Resources */,
			);
			buildRules = (
			);
			dependencies = (
			);
			fileSystemSynchronizedGroups = (
				06A99E602F0AAC8F00AA51E9 /* Free */,
			);
			name = Free;
			packageProductDependencies = (
			);
			productName = Free;
			productReference = 06A99E5E2F0AAC8F00AA51E9 /* Free.app */;
			productType = "com.apple.product-type.application";
		};
		06A99E6D2F0AAC9000AA51E9 /* FreeTests */ = {
			isa = PBXNativeTarget;
			buildConfigurationList = 06A99E852F0AAC9000AA51E9 /* Build configuration list for PBXNativeTarget "FreeTests" */;
			buildPhases = (
				06A99E6A2F0AAC9000AA51E9 /* Sources */,
				06A99E6B2F0AAC9000AA51E9 /* Frameworks */,
				06A99E6C2F0AAC9000AA51E9 /* Resources */,
			);
			buildRules = (
			);
			dependencies = (
				06A99E702F0AAC9000AA51E9 /* PBXTargetDependency */,
			);
			fileSystemSynchronizedGroups = (
				06A99E712F0AAC9000AA51E9 /* FreeTests */,
			);
			name = FreeTests;
			packageProductDependencies = (
			);
			productName = FreeTests;
			productReference = 06A99E6E2F0AAC9000AA51E9 /* FreeTests.xctest */;
			productType = "com.apple.product-type.bundle.unit-test";
		};
		06A99E772F0AAC9000AA51E9 /* FreeUITests */ = {
			isa = PBXNativeTarget;
			buildConfigurationList = 06A99E882F0AAC9000AA51E9 /* Build configuration list for PBXNativeTarget "FreeUITests" */;
			buildPhases = (
				06A99E742F0AAC9000AA51E9 /* Sources */,
				06A99E752F0AAC9000AA51E9 /* Frameworks */,
				06A99E762F0AAC9000AA51E9 /* Resources */,
			);
			buildRules = (
			);
			dependencies = (
				06A99E7A2F0AAC9000AA51E9 /* PBXTargetDependency */,
			);
			fileSystemSynchronizedGroups = (
				06A99E7B2F0AAC9000AA51E9 /* FreeUITests */,
			);
			name = FreeUITests;
			packageProductDependencies = (
			);
			productName = FreeUITests;
			productReference = 06A99E782F0AAC9000AA51E9 /* FreeUITests.xctest */;
			productType = "com.apple.product-type.bundle.ui-testing";
		};
/* End PBXNativeTarget section */

/* Begin PBXProject section */
		06A99E562F0AAC8F00AA51E9 /* Project object */ = {
			isa = PBXProject;
			attributes = {
				BuildIndependentTargetsInParallel = 1;
				LastSwiftUpdateCheck = 1620;
				LastUpgradeCheck = 1620;
				TargetAttributes = {
					06A99E5D2F0AAC8F00AA51E9 = {
						CreatedOnToolsVersion = 16.2;
					};
					06A99E6D2F0AAC9000AA51E9 = {
						CreatedOnToolsVersion = 16.2;
						TestTargetID = 06A99E5D2F0AAC8F00AA51E9;
					};
					06A99E772F0AAC9000AA51E9 = {
						CreatedOnToolsVersion = 16.2;
						TestTargetID = 06A99E5D2F0AAC8F00AA51E9;
					};
				};
			};
			buildConfigurationList = 06A99E592F0AAC8F00AA51E9 /* Build configuration list for PBXProject "Free" */;
			developmentRegion = en;
			hasScannedForEncodings = 0;
			knownRegions = (
				en,
				Base,
			);
			mainGroup = 06A99E552F0AAC8F00AA51E9;
			minimizedProjectReferenceProxies = 1;
			preferredProjectObjectVersion = 77;
			productRefGroup = 06A99E5F2F0AAC8F00AA51E9 /* Products */;
			projectDirPath = "";
			projectRoot = "";
			targets = (
				06A99E5D2F0AAC8F00AA51E9 /* Free */,
				06A99E6D2F0AAC9000AA51E9 /* FreeTests */,
				06A99E772F0AAC9000AA51E9 /* FreeUITests */,
			);
		};
/* End PBXProject section */

/* Begin PBXResourcesBuildPhase section */
		06A99E5C2F0AAC8F00AA51E9 /* Resources */ = {
			isa = PBXResourcesBuildPhase;
			buildActionMask = 2147483647;
			files = (
			);
			runOnlyForDeploymentPostprocessing = 0;
		};
		06A99E6C2F0AAC9000AA51E9 /* Resources */ = {
			isa = PBXResourcesBuildPhase;
			buildActionMask = 2147483647;
			files = (
			);
			runOnlyForDeploymentPostprocessing = 0;
		};
		06A99E762F0AAC9000AA51E9 /* Resources */ = {
			isa = PBXResourcesBuildPhase;
			buildActionMask = 2147483647;
			files = (
			);
			runOnlyForDeploymentPostprocessing = 0;
		};
/* End PBXResourcesBuildPhase section */

/* Begin PBXSourcesBuildPhase section */
		06A99E5A2F0AAC8F00AA51E9 /* Sources */ = {
			isa = PBXSourcesBuildPhase;
			buildActionMask = 2147483647;
			files = (
			);
			runOnlyForDeploymentPostprocessing = 0;
		};
		06A99E6A2F0AAC9000AA51E9 /* Sources */ = {
			isa = PBXSourcesBuildPhase;
			buildActionMask = 2147483647;
			files = (
			);
			runOnlyForDeploymentPostprocessing = 0;
		};
		06A99E742F0AAC9000AA51E9 /* Sources */ = {
			isa = PBXSourcesBuildPhase;
			buildActionMask = 2147483647;
			files = (
			);
			runOnlyForDeploymentPostprocessing = 0;
		};
/* End PBXSourcesBuildPhase section */

/* Begin PBXTargetDependency section */
		06A99E702F0AAC9000AA51E9 /* PBXTargetDependency */ = {
			isa = PBXTargetDependency;
			target = 06A99E5D2F0AAC8F00AA51E9 /* Free */;
			targetProxy = 06A99E6F2F0AAC9000AA51E9 /* PBXContainerItemProxy */;
		};
		06A99E7A2F0AAC9000AA51E9 /* PBXTargetDependency */ = {
			isa = PBXTargetDependency;
			target = 06A99E5D2F0AAC8F00AA51E9 /* Free */;
			targetProxy = 06A99E792F0AAC9000AA51E9 /* PBXContainerItemProxy */;
		};
/* End PBXTargetDependency section */

/* Begin XCBuildConfiguration section */
		06A99E802F0AAC9000AA51E9 /* Debug */ = {
			isa = XCBuildConfiguration;
			buildSettings = {
				ALWAYS_SEARCH_USER_PATHS = NO;
				ASSETCATALOG_COMPILER_GENERATE_SWIFT_ASSET_SYMBOL_EXTENSIONS = YES;
				CLANG_ANALYZER_NONNULL = YES;
				CLANG_ANALYZER_NUMBER_OBJECT_CONVERSION = YES_AGGRESSIVE;
				CLANG_CXX_LANGUAGE_STANDARD = "gnu++20";
				CLANG_ENABLE_MODULES = YES;
				CLANG_ENABLE_OBJC_ARC = YES;
				CLANG_ENABLE_OBJC_WEAK = YES;
				CLANG_WARN_BLOCK_CAPTURE_AUTORELEASING = YES;
				CLANG_WARN_BOOL_CONVERSION = YES;
				CLANG_WARN_COMMA = YES;
				CLANG_WARN_CONSTANT_CONVERSION = YES;
				CLANG_WARN_DEPRECATED_OBJC_IMPLEMENTATIONS = YES;
				CLANG_WARN_DIRECT_OBJC_ISA_USAGE = YES_ERROR;
				CLANG_WARN_DOCUMENTATION_COMMENTS = YES;
				CLANG_WARN_EMPTY_BODY = YES;
				CLANG_WARN_ENUM_CONVERSION = YES;
				CLANG_WARN_INFINITE_RECURSION = YES;
				CLANG_WARN_INT_CONVERSION = YES;
				CLANG_WARN_NON_LITERAL_NULL_CONVERSION = YES;
				CLANG_WARN_OBJC_IMPLICIT_RETAIN_SELF = YES;
				CLANG_WARN_OBJC_LITERAL_CONVERSION = YES;
				CLANG_WARN_OBJC_ROOT_CLASS = YES_ERROR;
				CLANG_WARN_QUOTED_INCLUDE_IN_FRAMEWORK_HEADER = YES;
				CLANG_WARN_RANGE_LOOP_ANALYSIS = YES;
				CLANG_WARN_STRICT_PROTOTYPES = YES;
				CLANG_WARN_SUSPICIOUS_MOVE = YES;
				CLANG_WARN_UNGUARDED_AVAILABILITY = YES_AGGRESSIVE;
				CLANG_WARN_UNREACHABLE_CODE = YES;
				CLANG_WARN__DUPLICATE_METHOD_MATCH = YES;
				COPY_PHASE_STRIP = NO;
				DEBUG_INFORMATION_FORMAT = dwarf;
				ENABLE_STRICT_OBJC_MSGSEND = YES;
				ENABLE_TESTABILITY = YES;
				ENABLE_USER_SCRIPT_SANDBOXING = YES;
				GCC_C_LANGUAGE_STANDARD = gnu17;
				GCC_DYNAMIC_NO_PIC = NO;
				GCC_NO_COMMON_BLOCKS = YES;
				GCC_OPTIMIZATION_LEVEL = 0;
				GCC_PREPROCESSOR_DEFINITIONS = (
					"DEBUG=1",
					"$(inherited)",
				);
				GCC_WARN_64_TO_32_BIT_CONVERSION = YES;
				GCC_WARN_ABOUT_RETURN_TYPE = YES_ERROR;
				GCC_WARN_UNDECLARED_SELECTOR = YES;
				GCC_WARN_UNINITIALIZED_AUTOS = YES_AGGRESSIVE;
				GCC_WARN_UNUSED_FUNCTION = YES;
				GCC_WARN_UNUSED_VARIABLE = YES;
				IPHONEOS_DEPLOYMENT_TARGET = 18.2;
				LOCALIZATION_PREFERS_STRING_CATALOGS = YES;
				MTL_ENABLE_DEBUG_INFO = INCLUDE_SOURCE;
				MTL_FAST_MATH = YES;
				ONLY_ACTIVE_ARCH = YES;
				SDKROOT = iphoneos;
				SWIFT_ACTIVE_COMPILATION_CONDITIONS = "DEBUG $(inherited)";
				SWIFT_OPTIMIZATION_LEVEL = "-Onone";
			};
			name = Debug;
		};
		06A99E812F0AAC9000AA51E9 /* Release */ = {
			isa = XCBuildConfiguration;
			buildSettings = {
				ALWAYS_SEARCH_USER_PATHS = NO;
				ASSETCATALOG_COMPILER_GENERATE_SWIFT_ASSET_SYMBOL_EXTENSIONS = YES;
				CLANG_ANALYZER_NONNULL = YES;
				CLANG_ANALYZER_NUMBER_OBJECT_CONVERSION = YES_AGGRESSIVE;
				CLANG_CXX_LANGUAGE_STANDARD = "gnu++20";
				CLANG_ENABLE_MODULES = YES;
				CLANG_ENABLE_OBJC_ARC = YES;
				CLANG_ENABLE_OBJC_WEAK = YES;
				CLANG_WARN_BLOCK_CAPTURE_AUTORELEASING = YES;
				CLANG_WARN_BOOL_CONVERSION = YES;
				CLANG_WARN_COMMA = YES;
				CLANG_WARN_CONSTANT_CONVERSION = YES;
				CLANG_WARN_DEPRECATED_OBJC_IMPLEMENTATIONS = YES;
				CLANG_WARN_DIRECT_OBJC_ISA_USAGE = YES_ERROR;
				CLANG_WARN_DOCUMENTATION_COMMENTS = YES;
				CLANG_WARN_EMPTY_BODY = YES;
				CLANG_WARN_ENUM_CONVERSION = YES;
				CLANG_WARN_INFINITE_RECURSION = YES;
				CLANG_WARN_INT_CONVERSION = YES;
				CLANG_WARN_NON_LITERAL_NULL_CONVERSION = YES;
				CLANG_WARN_OBJC_IMPLICIT_RETAIN_SELF = YES;
				CLANG_WARN_OBJC_LITERAL_CONVERSION = YES;
				CLANG_WARN_OBJC_ROOT_CLASS = YES_ERROR;
				CLANG_WARN_QUOTED_INCLUDE_IN_FRAMEWORK_HEADER = YES;
				CLANG_WARN_RANGE_LOOP_ANALYSIS = YES;
				CLANG_WARN_STRICT_PROTOTYPES = YES;
				CLANG_WARN_SUSPICIOUS_MOVE = YES;
				CLANG_WARN_UNGUARDED_AVAILABILITY = YES_AGGRESSIVE;
				CLANG_WARN_UNREACHABLE_CODE = YES;
				CLANG_WARN__DUPLICATE_METHOD_MATCH = YES;
				COPY_PHASE_STRIP = NO;
				DEBUG_INFORMATION_FORMAT = "dwarf-with-dsym";
				ENABLE_NS_ASSERTIONS = NO;
				ENABLE_STRICT_OBJC_MSGSEND = YES;
				ENABLE_USER_SCRIPT_SANDBOXING = YES;
				GCC_C_LANGUAGE_STANDARD = gnu17;
				GCC_NO_COMMON_BLOCKS = YES;
				GCC_WARN_64_TO_32_BIT_CONVERSION = YES;
				GCC_WARN_ABOUT_RETURN_TYPE = YES_ERROR;
				GCC_WARN_UNDECLARED_SELECTOR = YES;
				GCC_WARN_UNINITIALIZED_AUTOS = YES_AGGRESSIVE;
				GCC_WARN_UNUSED_FUNCTION = YES;
				GCC_WARN_UNUSED_VARIABLE = YES;
				IPHONEOS_DEPLOYMENT_TARGET = 18.2;
				LOCALIZATION_PREFERS_STRING_CATALOGS = YES;
				MTL_ENABLE_DEBUG_INFO = NO;
				MTL_FAST_MATH = YES;
				SDKROOT = iphoneos;
				SWIFT_COMPILATION_MODE = wholemodule;
				VALIDATE_PRODUCT = YES;
			};
			name = Release;
		};
		06A99E832F0AAC9000AA51E9 /* Debug */ = {
			isa = XCBuildConfiguration;
			buildSettings = {
				ASSETCATALOG_COMPILER_APPICON_NAME = AppIcon;
				ASSETCATALOG_COMPILER_GLOBAL_ACCENT_COLOR_NAME = AccentColor;
				CODE_SIGN_STYLE = Automatic;
				CURRENT_PROJECT_VERSION = 1;
				DEVELOPMENT_ASSET_PATHS = "\"Free/Preview Content\"";
				ENABLE_PREVIEWS = YES;
				GENERATE_INFOPLIST_FILE = YES;
				INFOPLIST_KEY_UIApplicationSceneManifest_Generation = YES;
				INFOPLIST_KEY_UIApplicationSupportsIndirectInputEvents = YES;
				INFOPLIST_KEY_UILaunchScreen_Generation = YES;
				INFOPLIST_KEY_UISupportedInterfaceOrientations_iPad = "UIInterfaceOrientationPortrait UIInterfaceOrientationPortraitUpsideDown UIInterfaceOrientationLandscapeLeft UIInterfaceOrientationLandscapeRight";
				INFOPLIST_KEY_UISupportedInterfaceOrientations_iPhone = "UIInterfaceOrientationPortrait UIInterfaceOrientationLandscapeLeft UIInterfaceOrientationLandscapeRight";
				LD_RUNPATH_SEARCH_PATHS = (
					"$(inherited)",
					"@executable_path/Frameworks",
				);
				MARKETING_VERSION = 1.0;
				PRODUCT_BUNDLE_IDENTIFIER = com.example.Free;
				PRODUCT_NAME = "$(TARGET_NAME)";
				SWIFT_EMIT_LOC_STRINGS = YES;
				SWIFT_VERSION = 5.0;
				TARGETED_DEVICE_FAMILY = "1,2";
			};
			name = Debug;
		};
		06A99E842F0AAC9000AA51E9 /* Release */ = {
			isa = XCBuildConfiguration;
			buildSettings = {
				ASSETCATALOG_COMPILER_APPICON_NAME = AppIcon;
				ASSETCATALOG_COMPILER_GLOBAL_ACCENT_COLOR_NAME = AccentColor;
				CODE_SIGN_STYLE = Automatic;
				CURRENT_PROJECT_VERSION = 1;
				DEVELOPMENT_ASSET_PATHS = "\"Free/Preview Content\"";
				ENABLE_PREVIEWS = YES;
				GENERATE_INFOPLIST_FILE = YES;
				INFOPLIST_KEY_UIApplicationSceneManifest_Generation = YES;
				INFOPLIST_KEY_UIApplicationSupportsIndirectInputEvents = YES;
				INFOPLIST_KEY_UILaunchScreen_Generation = YES;
				INFOPLIST_KEY_UISupportedInterfaceOrientations_iPad = "UIInterfaceOrientationPortrait UIInterfaceOrientationPortraitUpsideDown UIInterfaceOrientationLandscapeLeft UIInterfaceOrientationLandscapeRight";
				INFOPLIST_KEY_UISupportedInterfaceOrientations_iPhone = "UIInterfaceOrientationPortrait UIInterfaceOrientationLandscapeLeft UIInterfaceOrientationLandscapeRight";
				LD_RUNPATH_SEARCH_PATHS = (
					"$(inherited)",
					"@executable_path/Frameworks",
				);
				MARKETING_VERSION = 1.0;
				PRODUCT_BUNDLE_IDENTIFIER = com.example.Free;
				PRODUCT_NAME = "$(TARGET_NAME)";
				SWIFT_EMIT_LOC_STRINGS = YES;
				SWIFT_VERSION = 5.0;
				TARGETED_DEVICE_FAMILY = "1,2";
			};
			name = Release;
		};
		06A99E862F0AAC9000AA51E9 /* Debug */ = {
			isa = XCBuildConfiguration;
			buildSettings = {
				BUNDLE_LOADER = "$(TEST_HOST)";
				CODE_SIGN_STYLE = Automatic;
				CURRENT_PROJECT_VERSION = 1;
				GENERATE_INFOPLIST_FILE = YES;
				IPHONEOS_DEPLOYMENT_TARGET = 18.2;
				MARKETING_VERSION = 1.0;
				PRODUCT_BUNDLE_IDENTIFIER = com.example.FreeTests;
				PRODUCT_NAME = "$(TARGET_NAME)";
				SWIFT_EMIT_LOC_STRINGS = NO;
				SWIFT_VERSION = 5.0;
				TARGETED_DEVICE_FAMILY = "1,2";
				TEST_HOST = "$(BUILT_PRODUCTS_DIR)/Free.app/$(BUNDLE_EXECUTABLE_FOLDER_PATH)/Free";
			};
			name = Debug;
		};
		06A99E872F0AAC9000AA51E9 /* Release */ = {
			isa = XCBuildConfiguration;
			buildSettings = {
				BUNDLE_LOADER = "$(TEST_HOST)";
				CODE_SIGN_STYLE = Automatic;
				CURRENT_PROJECT_VERSION = 1;
				GENERATE_INFOPLIST_FILE = YES;
				IPHONEOS_DEPLOYMENT_TARGET = 18.2;
				MARKETING_VERSION = 1.0;
				PRODUCT_BUNDLE_IDENTIFIER = com.example.FreeTests;
				PRODUCT_NAME = "$(TARGET_NAME)";
				SWIFT_EMIT_LOC_STRINGS = NO;
				SWIFT_VERSION = 5.0;
				TARGETED_DEVICE_FAMILY = "1,2";
				TEST_HOST = "$(BUILT_PRODUCTS_DIR)/Free.app/$(BUNDLE_EXECUTABLE_FOLDER_PATH)/Free";
			};
			name = Release;
		};
		06A99E892F0AAC9000AA51E9 /* Debug */ = {
			isa = XCBuildConfiguration;
			buildSettings = {
				CODE_SIGN_STYLE = Automatic;
				CURRENT_PROJECT_VERSION = 1;
				GENERATE_INFOPLIST_FILE = YES;
				MARKETING_VERSION = 1.0;
				PRODUCT_BUNDLE_IDENTIFIER = com.example.FreeUITests;
				PRODUCT_NAME = "$(TARGET_NAME)";
				SWIFT_EMIT_LOC_STRINGS = NO;
				SWIFT_VERSION = 5.0;
				TARGETED_DEVICE_FAMILY = "1,2";
				TEST_TARGET_NAME = Free;
			};
			name = Debug;
		};
		06A99E8A2F0AAC9000AA51E9 /* Release */ = {
			isa = XCBuildConfiguration;
			buildSettings = {
				CODE_SIGN_STYLE = Automatic;
				CURRENT_PROJECT_VERSION = 1;
				GENERATE_INFOPLIST_FILE = YES;
				MARKETING_VERSION = 1.0;
				PRODUCT_BUNDLE_IDENTIFIER = com.example.FreeUITests;
				PRODUCT_NAME = "$(TARGET_NAME)";
				SWIFT_EMIT_LOC_STRINGS = NO;
				SWIFT_VERSION = 5.0;
				TARGETED_DEVICE_FAMILY = "1,2";
				TEST_TARGET_NAME = Free;
			};
			name = Release;
		};
/* End XCBuildConfiguration section */

/* Begin XCConfigurationList section */
		06A99E592F0AAC8F00AA51E9 /* Build configuration list for PBXProject "Free" */ = {
			isa = XCConfigurationList;
			buildConfigurations = (
				06A99E802F0AAC9000AA51E9 /* Debug */,
				06A99E812F0AAC9000AA51E9 /* Release */,
			);
			defaultConfigurationIsVisible = 0;
			defaultConfigurationName = Release;
		};
		06A99E822F0AAC9000AA51E9 /* Build configuration list for PBXNativeTarget "Free" */ = {
			isa = XCConfigurationList;
			buildConfigurations = (
				06A99E832F0AAC9000AA51E9 /* Debug */,
				06A99E842F0AAC9000AA51E9 /* Release */,
			);
			defaultConfigurationIsVisible = 0;
			defaultConfigurationName = Release;
		};
		06A99E852F0AAC9000AA51E9 /* Build configuration list for PBXNativeTarget "FreeTests" */ = {
			isa = XCConfigurationList;
			buildConfigurations = (
				06A99E862F0AAC9000AA51E9 /* Debug */,
				06A99E872F0AAC9000AA51E9 /* Release */,
			);
			defaultConfigurationIsVisible = 0;
			defaultConfigurationName = Release;
		};
		06A99E882F0AAC9000AA51E9 /* Build configuration list for PBXNativeTarget "FreeUITests" */ = {
			isa = XCConfigurationList;
			buildConfigurations = (
				06A99E892F0AAC9000AA51E9 /* Debug */,
				06A99E8A2F0AAC9000AA51E9 /* Release */,
			);
			defaultConfigurationIsVisible = 0;
			defaultConfigurationName = Release;
		};
/* End XCConfigurationList section */
	};
	rootObject = 06A99E562F0AAC8F00AA51E9 /* Project object */;
}
